// !$*UTF8*$!
{
	archiveVersion = 1;
	classes = {
	};
	objectVersion = 50;
	objects = {

/* Begin PBXBuildFile section */
		102085543C476813D4A7DE46 /* Pods_PennAppsFall2018iOSUITests.framework in Frameworks */ = {isa = PBXBuildFile; fileRef = D26C76A1BC611A382A3F22BC /* Pods_PennAppsFall2018iOSUITests.framework */; };
		5F00EA3A0C4332CB0A54DB85 /* Pods_PennAppsFall2018iOSTests.framework in Frameworks */ = {isa = PBXBuildFile; fileRef = A3E0908CF9AE9B970A1C5334 /* Pods_PennAppsFall2018iOSTests.framework */; };
		A8475B5B2144F0EF00EE2A93 /* SocketIOManager.swift in Sources */ = {isa = PBXBuildFile; fileRef = A8475B5A2144F0EF00EE2A93 /* SocketIOManager.swift */; };
		CBCBC88F21444EE70070DD33 /* spark.png in Resources */ = {isa = PBXBuildFile; fileRef = CBCBC88D21444EE70070DD33 /* spark.png */; };
		CBCBC89021444EE70070DD33 /* Water.scnp in Resources */ = {isa = PBXBuildFile; fileRef = CBCBC88E21444EE70070DD33 /* Water.scnp */; };
		CBCBC89321446C570070DD33 /* rock.dae in Resources */ = {isa = PBXBuildFile; fileRef = CBCBC89221446C570070DD33 /* rock.dae */; };
		CBCBC89521446F0C0070DD33 /* Rock.swift in Sources */ = {isa = PBXBuildFile; fileRef = CBCBC89421446F0C0070DD33 /* Rock.swift */; };
		CBCBC89B21448FCC0070DD33 /* WindMill.swift in Sources */ = {isa = PBXBuildFile; fileRef = CBCBC89A21448FCC0070DD33 /* WindMill.swift */; };
		CBCBC89D2144C6A20070DD33 /* WindMill.dae in Resources */ = {isa = PBXBuildFile; fileRef = CBCBC89C2144C6A20070DD33 /* WindMill.dae */; };
		CBCBC8A12144DE400070DD33 /* cloud.dae in Resources */ = {isa = PBXBuildFile; fileRef = CBCBC8A02144DE400070DD33 /* cloud.dae */; };
		CBCBC8A32144E8810070DD33 /* monkey.dae in Resources */ = {isa = PBXBuildFile; fileRef = CBCBC8A22144E8810070DD33 /* monkey.dae */; };
		CBEA5E5321435BCC007FAA0C /* AppDelegate.swift in Sources */ = {isa = PBXBuildFile; fileRef = CBEA5E5221435BCC007FAA0C /* AppDelegate.swift */; };
		CBEA5E5521435BCC007FAA0C /* ViewController.swift in Sources */ = {isa = PBXBuildFile; fileRef = CBEA5E5421435BCC007FAA0C /* ViewController.swift */; };
		CBEA5E5821435BCC007FAA0C /* Main.storyboard in Resources */ = {isa = PBXBuildFile; fileRef = CBEA5E5621435BCC007FAA0C /* Main.storyboard */; };
		CBEA5E5A21435BCE007FAA0C /* Assets.xcassets in Resources */ = {isa = PBXBuildFile; fileRef = CBEA5E5921435BCE007FAA0C /* Assets.xcassets */; };
		CBEA5E5D21435BCE007FAA0C /* LaunchScreen.storyboard in Resources */ = {isa = PBXBuildFile; fileRef = CBEA5E5B21435BCE007FAA0C /* LaunchScreen.storyboard */; };
		CBEA5E6821435BCE007FAA0C /* PennAppsFall2018iOSTests.swift in Sources */ = {isa = PBXBuildFile; fileRef = CBEA5E6721435BCE007FAA0C /* PennAppsFall2018iOSTests.swift */; };
		CBEA5E7321435BCE007FAA0C /* PennAppsFall2018iOSUITests.swift in Sources */ = {isa = PBXBuildFile; fileRef = CBEA5E7221435BCE007FAA0C /* PennAppsFall2018iOSUITests.swift */; };
		CBEA5E8121435D01007FAA0C /* ARViewController.swift in Sources */ = {isa = PBXBuildFile; fileRef = CBEA5E8021435D01007FAA0C /* ARViewController.swift */; };
		CBEA5E8921438750007FAA0C /* ARHelperMethods.swift in Sources */ = {isa = PBXBuildFile; fileRef = CBEA5E8821438750007FAA0C /* ARHelperMethods.swift */; };
		CBEA5E8F2143FA33007FAA0C /* spark.png in Resources */ = {isa = PBXBuildFile; fileRef = CBEA5E8D2143FA33007FAA0C /* spark.png */; };
		CBEA5E902143FA33007FAA0C /* Fire.scnp in Resources */ = {isa = PBXBuildFile; fileRef = CBEA5E8E2143FA33007FAA0C /* Fire.scnp */; };
		CBEA5E93214403C1007FAA0C /* FireBall.swift in Sources */ = {isa = PBXBuildFile; fileRef = CBEA5E92214403C1007FAA0C /* FireBall.swift */; };
		CBEA5E9A21442FC4007FAA0C /* WaterBall.swift in Sources */ = {isa = PBXBuildFile; fileRef = CBEA5E9921442FC4007FAA0C /* WaterBall.swift */; };
		DA05AD5E49D39C2DE6206FBE /* Pods_PennAppsFall2018iOS.framework in Frameworks */ = {isa = PBXBuildFile; fileRef = 2745F5E6EFF80F9159FEDDA8 /* Pods_PennAppsFall2018iOS.framework */; };
/* End PBXBuildFile section */

/* Begin PBXContainerItemProxy section */
		CBEA5E6421435BCE007FAA0C /* PBXContainerItemProxy */ = {
			isa = PBXContainerItemProxy;
			containerPortal = CBEA5E4721435BCC007FAA0C /* Project object */;
			proxyType = 1;
			remoteGlobalIDString = CBEA5E4E21435BCC007FAA0C;
			remoteInfo = PennAppsFall2018iOS;
		};
		CBEA5E6F21435BCE007FAA0C /* PBXContainerItemProxy */ = {
			isa = PBXContainerItemProxy;
			containerPortal = CBEA5E4721435BCC007FAA0C /* Project object */;
			proxyType = 1;
			remoteGlobalIDString = CBEA5E4E21435BCC007FAA0C;
			remoteInfo = PennAppsFall2018iOS;
		};
/* End PBXContainerItemProxy section */

/* Begin PBXFileReference section */
		0CF9F84636229013586906F8 /* Pods-PennAppsFall2018iOSTests.release.xcconfig */ = {isa = PBXFileReference; includeInIndex = 1; lastKnownFileType = text.xcconfig; name = "Pods-PennAppsFall2018iOSTests.release.xcconfig"; path = "Pods/Target Support Files/Pods-PennAppsFall2018iOSTests/Pods-PennAppsFall2018iOSTests.release.xcconfig"; sourceTree = "<group>"; };
		2745F5E6EFF80F9159FEDDA8 /* Pods_PennAppsFall2018iOS.framework */ = {isa = PBXFileReference; explicitFileType = wrapper.framework; includeInIndex = 0; path = Pods_PennAppsFall2018iOS.framework; sourceTree = BUILT_PRODUCTS_DIR; };
		9E407C0697E5BA2CDCA0DB96 /* Pods-PennAppsFall2018iOS.release.xcconfig */ = {isa = PBXFileReference; includeInIndex = 1; lastKnownFileType = text.xcconfig; name = "Pods-PennAppsFall2018iOS.release.xcconfig"; path = "Pods/Target Support Files/Pods-PennAppsFall2018iOS/Pods-PennAppsFall2018iOS.release.xcconfig"; sourceTree = "<group>"; };
		A3E0908CF9AE9B970A1C5334 /* Pods_PennAppsFall2018iOSTests.framework */ = {isa = PBXFileReference; explicitFileType = wrapper.framework; includeInIndex = 0; path = Pods_PennAppsFall2018iOSTests.framework; sourceTree = BUILT_PRODUCTS_DIR; };
		A8475B5A2144F0EF00EE2A93 /* SocketIOManager.swift */ = {isa = PBXFileReference; lastKnownFileType = sourcecode.swift; path = SocketIOManager.swift; sourceTree = "<group>"; };
		AD55C5D923AF5DB52B11CCFA /* Pods-PennAppsFall2018iOSTests.debug.xcconfig */ = {isa = PBXFileReference; includeInIndex = 1; lastKnownFileType = text.xcconfig; name = "Pods-PennAppsFall2018iOSTests.debug.xcconfig"; path = "Pods/Target Support Files/Pods-PennAppsFall2018iOSTests/Pods-PennAppsFall2018iOSTests.debug.xcconfig"; sourceTree = "<group>"; };
		CA4EECA193C5CC914A9F7681 /* Pods-PennAppsFall2018iOSUITests.debug.xcconfig */ = {isa = PBXFileReference; includeInIndex = 1; lastKnownFileType = text.xcconfig; name = "Pods-PennAppsFall2018iOSUITests.debug.xcconfig"; path = "Pods/Target Support Files/Pods-PennAppsFall2018iOSUITests/Pods-PennAppsFall2018iOSUITests.debug.xcconfig"; sourceTree = "<group>"; };
		CBCBC88D21444EE70070DD33 /* spark.png */ = {isa = PBXFileReference; lastKnownFileType = image.png; path = spark.png; sourceTree = "<group>"; };
		CBCBC88E21444EE70070DD33 /* Water.scnp */ = {isa = PBXFileReference; lastKnownFileType = file.scp; path = Water.scnp; sourceTree = "<group>"; };
		CBCBC89221446C570070DD33 /* rock.dae */ = {isa = PBXFileReference; fileEncoding = 4; lastKnownFileType = text.xml.dae; path = rock.dae; sourceTree = "<group>"; };
		CBCBC89421446F0C0070DD33 /* Rock.swift */ = {isa = PBXFileReference; lastKnownFileType = sourcecode.swift; path = Rock.swift; sourceTree = "<group>"; };
		CBCBC89A21448FCC0070DD33 /* WindMill.swift */ = {isa = PBXFileReference; lastKnownFileType = sourcecode.swift; path = WindMill.swift; sourceTree = "<group>"; };
		CBCBC89C2144C6A20070DD33 /* WindMill.dae */ = {isa = PBXFileReference; fileEncoding = 4; lastKnownFileType = text.xml.dae; path = WindMill.dae; sourceTree = "<group>"; };
		CBCBC8A02144DE400070DD33 /* cloud.dae */ = {isa = PBXFileReference; fileEncoding = 4; lastKnownFileType = text.xml.dae; path = cloud.dae; sourceTree = "<group>"; };
		CBCBC8A22144E8810070DD33 /* monkey.dae */ = {isa = PBXFileReference; fileEncoding = 4; lastKnownFileType = text.xml.dae; path = monkey.dae; sourceTree = "<group>"; };
		CBEA5E4F21435BCC007FAA0C /* PennAppsFall2018iOS.app */ = {isa = PBXFileReference; explicitFileType = wrapper.application; includeInIndex = 0; path = PennAppsFall2018iOS.app; sourceTree = BUILT_PRODUCTS_DIR; };
		CBEA5E5221435BCC007FAA0C /* AppDelegate.swift */ = {isa = PBXFileReference; lastKnownFileType = sourcecode.swift; path = AppDelegate.swift; sourceTree = "<group>"; };
		CBEA5E5421435BCC007FAA0C /* ViewController.swift */ = {isa = PBXFileReference; lastKnownFileType = sourcecode.swift; path = ViewController.swift; sourceTree = "<group>"; };
		CBEA5E5721435BCC007FAA0C /* Base */ = {isa = PBXFileReference; lastKnownFileType = file.storyboard; name = Base; path = Base.lproj/Main.storyboard; sourceTree = "<group>"; };
		CBEA5E5921435BCE007FAA0C /* Assets.xcassets */ = {isa = PBXFileReference; lastKnownFileType = folder.assetcatalog; path = Assets.xcassets; sourceTree = "<group>"; };
		CBEA5E5C21435BCE007FAA0C /* Base */ = {isa = PBXFileReference; lastKnownFileType = file.storyboard; name = Base; path = Base.lproj/LaunchScreen.storyboard; sourceTree = "<group>"; };
		CBEA5E5E21435BCE007FAA0C /* Info.plist */ = {isa = PBXFileReference; lastKnownFileType = text.plist.xml; path = Info.plist; sourceTree = "<group>"; };
		CBEA5E6321435BCE007FAA0C /* PennAppsFall2018iOSTests.xctest */ = {isa = PBXFileReference; explicitFileType = wrapper.cfbundle; includeInIndex = 0; path = PennAppsFall2018iOSTests.xctest; sourceTree = BUILT_PRODUCTS_DIR; };
		CBEA5E6721435BCE007FAA0C /* PennAppsFall2018iOSTests.swift */ = {isa = PBXFileReference; lastKnownFileType = sourcecode.swift; path = PennAppsFall2018iOSTests.swift; sourceTree = "<group>"; };
		CBEA5E6921435BCE007FAA0C /* Info.plist */ = {isa = PBXFileReference; lastKnownFileType = text.plist.xml; path = Info.plist; sourceTree = "<group>"; };
		CBEA5E6E21435BCE007FAA0C /* PennAppsFall2018iOSUITests.xctest */ = {isa = PBXFileReference; explicitFileType = wrapper.cfbundle; includeInIndex = 0; path = PennAppsFall2018iOSUITests.xctest; sourceTree = BUILT_PRODUCTS_DIR; };
		CBEA5E7221435BCE007FAA0C /* PennAppsFall2018iOSUITests.swift */ = {isa = PBXFileReference; lastKnownFileType = sourcecode.swift; path = PennAppsFall2018iOSUITests.swift; sourceTree = "<group>"; };
		CBEA5E7421435BCE007FAA0C /* Info.plist */ = {isa = PBXFileReference; lastKnownFileType = text.plist.xml; path = Info.plist; sourceTree = "<group>"; };
		CBEA5E8021435D01007FAA0C /* ARViewController.swift */ = {isa = PBXFileReference; lastKnownFileType = sourcecode.swift; path = ARViewController.swift; sourceTree = "<group>"; };
		CBEA5E8821438750007FAA0C /* ARHelperMethods.swift */ = {isa = PBXFileReference; lastKnownFileType = sourcecode.swift; path = ARHelperMethods.swift; sourceTree = "<group>"; };
		CBEA5E8D2143FA33007FAA0C /* spark.png */ = {isa = PBXFileReference; lastKnownFileType = image.png; path = spark.png; sourceTree = "<group>"; };
		CBEA5E8E2143FA33007FAA0C /* Fire.scnp */ = {isa = PBXFileReference; lastKnownFileType = file.scp; path = Fire.scnp; sourceTree = "<group>"; };
		CBEA5E92214403C1007FAA0C /* FireBall.swift */ = {isa = PBXFileReference; lastKnownFileType = sourcecode.swift; path = FireBall.swift; sourceTree = "<group>"; };
		CBEA5E9921442FC4007FAA0C /* WaterBall.swift */ = {isa = PBXFileReference; lastKnownFileType = sourcecode.swift; path = WaterBall.swift; sourceTree = "<group>"; };
		D165B5293FB5DE762589AA59 /* Pods-PennAppsFall2018iOS.debug.xcconfig */ = {isa = PBXFileReference; includeInIndex = 1; lastKnownFileType = text.xcconfig; name = "Pods-PennAppsFall2018iOS.debug.xcconfig"; path = "Pods/Target Support Files/Pods-PennAppsFall2018iOS/Pods-PennAppsFall2018iOS.debug.xcconfig"; sourceTree = "<group>"; };
		D26C76A1BC611A382A3F22BC /* Pods_PennAppsFall2018iOSUITests.framework */ = {isa = PBXFileReference; explicitFileType = wrapper.framework; includeInIndex = 0; path = Pods_PennAppsFall2018iOSUITests.framework; sourceTree = BUILT_PRODUCTS_DIR; };
		E1D65229B30136792AB01AE4 /* Pods-PennAppsFall2018iOSUITests.release.xcconfig */ = {isa = PBXFileReference; includeInIndex = 1; lastKnownFileType = text.xcconfig; name = "Pods-PennAppsFall2018iOSUITests.release.xcconfig"; path = "Pods/Target Support Files/Pods-PennAppsFall2018iOSUITests/Pods-PennAppsFall2018iOSUITests.release.xcconfig"; sourceTree = "<group>"; };
/* End PBXFileReference section */

/* Begin PBXFrameworksBuildPhase section */
		CBEA5E4C21435BCC007FAA0C /* Frameworks */ = {
			isa = PBXFrameworksBuildPhase;
			buildActionMask = 2147483647;
			files = (
				DA05AD5E49D39C2DE6206FBE /* Pods_PennAppsFall2018iOS.framework in Frameworks */,
			);
			runOnlyForDeploymentPostprocessing = 0;
		};
		CBEA5E6021435BCE007FAA0C /* Frameworks */ = {
			isa = PBXFrameworksBuildPhase;
			buildActionMask = 2147483647;
			files = (
				5F00EA3A0C4332CB0A54DB85 /* Pods_PennAppsFall2018iOSTests.framework in Frameworks */,
			);
			runOnlyForDeploymentPostprocessing = 0;
		};
		CBEA5E6B21435BCE007FAA0C /* Frameworks */ = {
			isa = PBXFrameworksBuildPhase;
			buildActionMask = 2147483647;
			files = (
				102085543C476813D4A7DE46 /* Pods_PennAppsFall2018iOSUITests.framework in Frameworks */,
			);
			runOnlyForDeploymentPostprocessing = 0;
		};
/* End PBXFrameworksBuildPhase section */

/* Begin PBXGroup section */
		3D351C86A3EDA3EF3C4F5128 /* Pods */ = {
			isa = PBXGroup;
			children = (
				D165B5293FB5DE762589AA59 /* Pods-PennAppsFall2018iOS.debug.xcconfig */,
				9E407C0697E5BA2CDCA0DB96 /* Pods-PennAppsFall2018iOS.release.xcconfig */,
				AD55C5D923AF5DB52B11CCFA /* Pods-PennAppsFall2018iOSTests.debug.xcconfig */,
				0CF9F84636229013586906F8 /* Pods-PennAppsFall2018iOSTests.release.xcconfig */,
				CA4EECA193C5CC914A9F7681 /* Pods-PennAppsFall2018iOSUITests.debug.xcconfig */,
				E1D65229B30136792AB01AE4 /* Pods-PennAppsFall2018iOSUITests.release.xcconfig */,
			);
			name = Pods;
			sourceTree = "<group>";
		};
		7A562A23CDE0EC7124F8C93B /* Frameworks */ = {
			isa = PBXGroup;
			children = (
				2745F5E6EFF80F9159FEDDA8 /* Pods_PennAppsFall2018iOS.framework */,
				A3E0908CF9AE9B970A1C5334 /* Pods_PennAppsFall2018iOSTests.framework */,
				D26C76A1BC611A382A3F22BC /* Pods_PennAppsFall2018iOSUITests.framework */,
			);
			name = Frameworks;
			sourceTree = "<group>";
		};
		CBCBC88C21444ED30070DD33 /* Water */ = {
			isa = PBXGroup;
			children = (
				CBCBC88D21444EE70070DD33 /* spark.png */,
				CBCBC88E21444EE70070DD33 /* Water.scnp */,
			);
			path = Water;
			sourceTree = "<group>";
		};
		CBCBC89121446C0D0070DD33 /* Rock */ = {
			isa = PBXGroup;
			children = (
				CBCBC89221446C570070DD33 /* rock.dae */,
			);
			path = Rock;
			sourceTree = "<group>";
		};
		CBCBC89621448A040070DD33 /* Air */ = {
			isa = PBXGroup;
			children = (
				CBCBC89C2144C6A20070DD33 /* WindMill.dae */,
				CBCBC8A02144DE400070DD33 /* cloud.dae */,
				CBCBC8A22144E8810070DD33 /* monkey.dae */,
			);
			path = Air;
			sourceTree = "<group>";
		};
		CBEA5E4621435BCC007FAA0C = {
			isa = PBXGroup;
			children = (
				CBEA5E5121435BCC007FAA0C /* PennAppsFall2018iOS */,
				CBEA5E6621435BCE007FAA0C /* PennAppsFall2018iOSTests */,
				CBEA5E7121435BCE007FAA0C /* PennAppsFall2018iOSUITests */,
				CBEA5E5021435BCC007FAA0C /* Products */,
				3D351C86A3EDA3EF3C4F5128 /* Pods */,
				7A562A23CDE0EC7124F8C93B /* Frameworks */,
			);
			sourceTree = "<group>";
		};
		CBEA5E5021435BCC007FAA0C /* Products */ = {
			isa = PBXGroup;
			children = (
				CBEA5E4F21435BCC007FAA0C /* PennAppsFall2018iOS.app */,
				CBEA5E6321435BCE007FAA0C /* PennAppsFall2018iOSTests.xctest */,
				CBEA5E6E21435BCE007FAA0C /* PennAppsFall2018iOSUITests.xctest */,
			);
			name = Products;
			sourceTree = "<group>";
		};
		CBEA5E5121435BCC007FAA0C /* PennAppsFall2018iOS */ = {
			isa = PBXGroup;
			children = (
				CBCBC89621448A040070DD33 /* Air */,
				CBCBC89121446C0D0070DD33 /* Rock */,
				CBCBC88C21444ED30070DD33 /* Water */,
				CBEA5E91214403A7007FAA0C /* Objects */,
				CBEA5E8C2143F9FE007FAA0C /* Fire */,
				CBEA5E5221435BCC007FAA0C /* AppDelegate.swift */,
				CBEA5E5421435BCC007FAA0C /* ViewController.swift */,
				CBEA5E8021435D01007FAA0C /* ARViewController.swift */,
				CBEA5E8821438750007FAA0C /* ARHelperMethods.swift */,
				A8475B5A2144F0EF00EE2A93 /* SocketIOManager.swift */,
				CBEA5E5621435BCC007FAA0C /* Main.storyboard */,
				CBEA5E5921435BCE007FAA0C /* Assets.xcassets */,
				CBEA5E5B21435BCE007FAA0C /* LaunchScreen.storyboard */,
				CBEA5E5E21435BCE007FAA0C /* Info.plist */,
			);
			path = PennAppsFall2018iOS;
			sourceTree = "<group>";
		};
		CBEA5E6621435BCE007FAA0C /* PennAppsFall2018iOSTests */ = {
			isa = PBXGroup;
			children = (
				CBEA5E6721435BCE007FAA0C /* PennAppsFall2018iOSTests.swift */,
				CBEA5E6921435BCE007FAA0C /* Info.plist */,
			);
			path = PennAppsFall2018iOSTests;
			sourceTree = "<group>";
		};
		CBEA5E7121435BCE007FAA0C /* PennAppsFall2018iOSUITests */ = {
			isa = PBXGroup;
			children = (
				CBEA5E7221435BCE007FAA0C /* PennAppsFall2018iOSUITests.swift */,
				CBEA5E7421435BCE007FAA0C /* Info.plist */,
			);
			path = PennAppsFall2018iOSUITests;
			sourceTree = "<group>";
		};
		CBEA5E8C2143F9FE007FAA0C /* Fire */ = {
			isa = PBXGroup;
			children = (
				CBEA5E8D2143FA33007FAA0C /* spark.png */,
				CBEA5E8E2143FA33007FAA0C /* Fire.scnp */,
			);
			path = Fire;
			sourceTree = "<group>";
		};
		CBEA5E91214403A7007FAA0C /* Objects */ = {
			isa = PBXGroup;
			children = (
				CBEA5E92214403C1007FAA0C /* FireBall.swift */,
				CBEA5E9921442FC4007FAA0C /* WaterBall.swift */,
				CBCBC89421446F0C0070DD33 /* Rock.swift */,
				CBCBC89A21448FCC0070DD33 /* WindMill.swift */,
			);
			path = Objects;
			sourceTree = "<group>";
		};
/* End PBXGroup section */

/* Begin PBXNativeTarget section */
		CBEA5E4E21435BCC007FAA0C /* PennAppsFall2018iOS */ = {
			isa = PBXNativeTarget;
			buildConfigurationList = CBEA5E7721435BCE007FAA0C /* Build configuration list for PBXNativeTarget "PennAppsFall2018iOS" */;
			buildPhases = (
				7EA74BAFC70E2F007497EAC0 /* [CP] Check Pods Manifest.lock */,
				CBEA5E4B21435BCC007FAA0C /* Sources */,
				CBEA5E4C21435BCC007FAA0C /* Frameworks */,
				CBEA5E4D21435BCC007FAA0C /* Resources */,
				5ED9BB82101939798604CA7A /* [CP] Embed Pods Frameworks */,
			);
			buildRules = (
			);
			dependencies = (
			);
			name = PennAppsFall2018iOS;
			productName = PennAppsFall2018iOS;
			productReference = CBEA5E4F21435BCC007FAA0C /* PennAppsFall2018iOS.app */;
			productType = "com.apple.product-type.application";
		};
		CBEA5E6221435BCE007FAA0C /* PennAppsFall2018iOSTests */ = {
			isa = PBXNativeTarget;
			buildConfigurationList = CBEA5E7A21435BCE007FAA0C /* Build configuration list for PBXNativeTarget "PennAppsFall2018iOSTests" */;
			buildPhases = (
				5C4982CD0298BAFF3426129A /* [CP] Check Pods Manifest.lock */,
				CBEA5E5F21435BCE007FAA0C /* Sources */,
				CBEA5E6021435BCE007FAA0C /* Frameworks */,
				CBEA5E6121435BCE007FAA0C /* Resources */,
			);
			buildRules = (
			);
			dependencies = (
				CBEA5E6521435BCE007FAA0C /* PBXTargetDependency */,
			);
			name = PennAppsFall2018iOSTests;
			productName = PennAppsFall2018iOSTests;
			productReference = CBEA5E6321435BCE007FAA0C /* PennAppsFall2018iOSTests.xctest */;
			productType = "com.apple.product-type.bundle.unit-test";
		};
		CBEA5E6D21435BCE007FAA0C /* PennAppsFall2018iOSUITests */ = {
			isa = PBXNativeTarget;
			buildConfigurationList = CBEA5E7D21435BCE007FAA0C /* Build configuration list for PBXNativeTarget "PennAppsFall2018iOSUITests" */;
			buildPhases = (
				6143EEDCFBB6EE8DDA76CE86 /* [CP] Check Pods Manifest.lock */,
				CBEA5E6A21435BCE007FAA0C /* Sources */,
				CBEA5E6B21435BCE007FAA0C /* Frameworks */,
				CBEA5E6C21435BCE007FAA0C /* Resources */,
			);
			buildRules = (
			);
			dependencies = (
				CBEA5E7021435BCE007FAA0C /* PBXTargetDependency */,
			);
			name = PennAppsFall2018iOSUITests;
			productName = PennAppsFall2018iOSUITests;
			productReference = CBEA5E6E21435BCE007FAA0C /* PennAppsFall2018iOSUITests.xctest */;
			productType = "com.apple.product-type.bundle.ui-testing";
		};
/* End PBXNativeTarget section */

/* Begin PBXProject section */
		CBEA5E4721435BCC007FAA0C /* Project object */ = {
			isa = PBXProject;
			attributes = {
				LastSwiftUpdateCheck = 0940;
				LastUpgradeCheck = 0940;
				ORGANIZATIONNAME = "Justin May";
				TargetAttributes = {
					CBEA5E4E21435BCC007FAA0C = {
						CreatedOnToolsVersion = 9.4.1;
					};
					CBEA5E6221435BCE007FAA0C = {
						CreatedOnToolsVersion = 9.4.1;
						TestTargetID = CBEA5E4E21435BCC007FAA0C;
					};
					CBEA5E6D21435BCE007FAA0C = {
						CreatedOnToolsVersion = 9.4.1;
						TestTargetID = CBEA5E4E21435BCC007FAA0C;
					};
				};
			};
			buildConfigurationList = CBEA5E4A21435BCC007FAA0C /* Build configuration list for PBXProject "PennAppsFall2018iOS" */;
			compatibilityVersion = "Xcode 9.3";
			developmentRegion = en;
			hasScannedForEncodings = 0;
			knownRegions = (
				en,
				Base,
			);
			mainGroup = CBEA5E4621435BCC007FAA0C;
			productRefGroup = CBEA5E5021435BCC007FAA0C /* Products */;
			projectDirPath = "";
			projectRoot = "";
			targets = (
				CBEA5E4E21435BCC007FAA0C /* PennAppsFall2018iOS */,
				CBEA5E6221435BCE007FAA0C /* PennAppsFall2018iOSTests */,
				CBEA5E6D21435BCE007FAA0C /* PennAppsFall2018iOSUITests */,
			);
		};
/* End PBXProject section */

/* Begin PBXResourcesBuildPhase section */
		CBEA5E4D21435BCC007FAA0C /* Resources */ = {
			isa = PBXResourcesBuildPhase;
			buildActionMask = 2147483647;
			files = (
				CBCBC8A12144DE400070DD33 /* cloud.dae in Resources */,
				CBEA5E5D21435BCE007FAA0C /* LaunchScreen.storyboard in Resources */,
				CBCBC89D2144C6A20070DD33 /* WindMill.dae in Resources */,
				CBCBC89021444EE70070DD33 /* Water.scnp in Resources */,
				CBCBC8A32144E8810070DD33 /* monkey.dae in Resources */,
				CBCBC88F21444EE70070DD33 /* spark.png in Resources */,
				CBEA5E8F2143FA33007FAA0C /* spark.png in Resources */,
				CBEA5E5A21435BCE007FAA0C /* Assets.xcassets in Resources */,
				CBEA5E902143FA33007FAA0C /* Fire.scnp in Resources */,
				CBEA5E5821435BCC007FAA0C /* Main.storyboard in Resources */,
				CBCBC89321446C570070DD33 /* rock.dae in Resources */,
			);
			runOnlyForDeploymentPostprocessing = 0;
		};
		CBEA5E6121435BCE007FAA0C /* Resources */ = {
			isa = PBXResourcesBuildPhase;
			buildActionMask = 2147483647;
			files = (
			);
			runOnlyForDeploymentPostprocessing = 0;
		};
		CBEA5E6C21435BCE007FAA0C /* Resources */ = {
			isa = PBXResourcesBuildPhase;
			buildActionMask = 2147483647;
			files = (
			);
			runOnlyForDeploymentPostprocessing = 0;
		};
/* End PBXResourcesBuildPhase section */

/* Begin PBXShellScriptBuildPhase section */
		5C4982CD0298BAFF3426129A /* [CP] Check Pods Manifest.lock */ = {
			isa = PBXShellScriptBuildPhase;
			buildActionMask = 2147483647;
			files = (
			);
			inputPaths = (
				"${PODS_PODFILE_DIR_PATH}/Podfile.lock",
				"${PODS_ROOT}/Manifest.lock",
			);
			name = "[CP] Check Pods Manifest.lock";
			outputPaths = (
				"$(DERIVED_FILE_DIR)/Pods-PennAppsFall2018iOSTests-checkManifestLockResult.txt",
			);
			runOnlyForDeploymentPostprocessing = 0;
			shellPath = /bin/sh;
			shellScript = "diff \"${PODS_PODFILE_DIR_PATH}/Podfile.lock\" \"${PODS_ROOT}/Manifest.lock\" > /dev/null\nif [ $? != 0 ] ; then\n    # print error to STDERR\n    echo \"error: The sandbox is not in sync with the Podfile.lock. Run 'pod install' or update your CocoaPods installation.\" >&2\n    exit 1\nfi\n# This output is used by Xcode 'outputs' to avoid re-running this script phase.\necho \"SUCCESS\" > \"${SCRIPT_OUTPUT_FILE_0}\"\n";
			showEnvVarsInLog = 0;
		};
		5ED9BB82101939798604CA7A /* [CP] Embed Pods Frameworks */ = {
			isa = PBXShellScriptBuildPhase;
			buildActionMask = 2147483647;
			files = (
			);
			inputPaths = (
				"${SRCROOT}/Pods/Target Support Files/Pods-PennAppsFall2018iOS/Pods-PennAppsFall2018iOS-frameworks.sh",
				"${BUILT_PRODUCTS_DIR}/Alamofire/Alamofire.framework",
				"${BUILT_PRODUCTS_DIR}/Socket.IO-Client-Swift/SocketIO.framework",
				"${BUILT_PRODUCTS_DIR}/Starscream/Starscream.framework",
			);
			name = "[CP] Embed Pods Frameworks";
			outputPaths = (
				"${TARGET_BUILD_DIR}/${FRAMEWORKS_FOLDER_PATH}/Alamofire.framework",
				"${TARGET_BUILD_DIR}/${FRAMEWORKS_FOLDER_PATH}/SocketIO.framework",
				"${TARGET_BUILD_DIR}/${FRAMEWORKS_FOLDER_PATH}/Starscream.framework",
			);
			runOnlyForDeploymentPostprocessing = 0;
			shellPath = /bin/sh;
			shellScript = "\"${SRCROOT}/Pods/Target Support Files/Pods-PennAppsFall2018iOS/Pods-PennAppsFall2018iOS-frameworks.sh\"\n";
			showEnvVarsInLog = 0;
		};
		6143EEDCFBB6EE8DDA76CE86 /* [CP] Check Pods Manifest.lock */ = {
			isa = PBXShellScriptBuildPhase;
			buildActionMask = 2147483647;
			files = (
			);
			inputPaths = (
				"${PODS_PODFILE_DIR_PATH}/Podfile.lock",
				"${PODS_ROOT}/Manifest.lock",
			);
			name = "[CP] Check Pods Manifest.lock";
			outputPaths = (
				"$(DERIVED_FILE_DIR)/Pods-PennAppsFall2018iOSUITests-checkManifestLockResult.txt",
			);
			runOnlyForDeploymentPostprocessing = 0;
			shellPath = /bin/sh;
			shellScript = "diff \"${PODS_PODFILE_DIR_PATH}/Podfile.lock\" \"${PODS_ROOT}/Manifest.lock\" > /dev/null\nif [ $? != 0 ] ; then\n    # print error to STDERR\n    echo \"error: The sandbox is not in sync with the Podfile.lock. Run 'pod install' or update your CocoaPods installation.\" >&2\n    exit 1\nfi\n# This output is used by Xcode 'outputs' to avoid re-running this script phase.\necho \"SUCCESS\" > \"${SCRIPT_OUTPUT_FILE_0}\"\n";
			showEnvVarsInLog = 0;
		};
		7EA74BAFC70E2F007497EAC0 /* [CP] Check Pods Manifest.lock */ = {
			isa = PBXShellScriptBuildPhase;
			buildActionMask = 2147483647;
			files = (
			);
			inputPaths = (
				"${PODS_PODFILE_DIR_PATH}/Podfile.lock",
				"${PODS_ROOT}/Manifest.lock",
			);
			name = "[CP] Check Pods Manifest.lock";
			outputPaths = (
				"$(DERIVED_FILE_DIR)/Pods-PennAppsFall2018iOS-checkManifestLockResult.txt",
			);
			runOnlyForDeploymentPostprocessing = 0;
			shellPath = /bin/sh;
			shellScript = "diff \"${PODS_PODFILE_DIR_PATH}/Podfile.lock\" \"${PODS_ROOT}/Manifest.lock\" > /dev/null\nif [ $? != 0 ] ; then\n    # print error to STDERR\n    echo \"error: The sandbox is not in sync with the Podfile.lock. Run 'pod install' or update your CocoaPods installation.\" >&2\n    exit 1\nfi\n# This output is used by Xcode 'outputs' to avoid re-running this script phase.\necho \"SUCCESS\" > \"${SCRIPT_OUTPUT_FILE_0}\"\n";
			showEnvVarsInLog = 0;
		};
/* End PBXShellScriptBuildPhase section */

/* Begin PBXSourcesBuildPhase section */
		CBEA5E4B21435BCC007FAA0C /* Sources */ = {
			isa = PBXSourcesBuildPhase;
			buildActionMask = 2147483647;
			files = (
				CBEA5E9A21442FC4007FAA0C /* WaterBall.swift in Sources */,
				CBCBC89B21448FCC0070DD33 /* WindMill.swift in Sources */,
				CBCBC89521446F0C0070DD33 /* Rock.swift in Sources */,
				CBEA5E8121435D01007FAA0C /* ARViewController.swift in Sources */,
				A8475B5B2144F0EF00EE2A93 /* SocketIOManager.swift in Sources */,
				CBEA5E5521435BCC007FAA0C /* ViewController.swift in Sources */,
				CBEA5E5321435BCC007FAA0C /* AppDelegate.swift in Sources */,
				CBEA5E8921438750007FAA0C /* ARHelperMethods.swift in Sources */,
				CBEA5E93214403C1007FAA0C /* FireBall.swift in Sources */,
			);
			runOnlyForDeploymentPostprocessing = 0;
		};
		CBEA5E5F21435BCE007FAA0C /* Sources */ = {
			isa = PBXSourcesBuildPhase;
			buildActionMask = 2147483647;
			files = (
				CBEA5E6821435BCE007FAA0C /* PennAppsFall2018iOSTests.swift in Sources */,
			);
			runOnlyForDeploymentPostprocessing = 0;
		};
		CBEA5E6A21435BCE007FAA0C /* Sources */ = {
			isa = PBXSourcesBuildPhase;
			buildActionMask = 2147483647;
			files = (
				CBEA5E7321435BCE007FAA0C /* PennAppsFall2018iOSUITests.swift in Sources */,
			);
			runOnlyForDeploymentPostprocessing = 0;
		};
/* End PBXSourcesBuildPhase section */

/* Begin PBXTargetDependency section */
		CBEA5E6521435BCE007FAA0C /* PBXTargetDependency */ = {
			isa = PBXTargetDependency;
			target = CBEA5E4E21435BCC007FAA0C /* PennAppsFall2018iOS */;
			targetProxy = CBEA5E6421435BCE007FAA0C /* PBXContainerItemProxy */;
		};
		CBEA5E7021435BCE007FAA0C /* PBXTargetDependency */ = {
			isa = PBXTargetDependency;
			target = CBEA5E4E21435BCC007FAA0C /* PennAppsFall2018iOS */;
			targetProxy = CBEA5E6F21435BCE007FAA0C /* PBXContainerItemProxy */;
		};
/* End PBXTargetDependency section */

/* Begin PBXVariantGroup section */
		CBEA5E5621435BCC007FAA0C /* Main.storyboard */ = {
			isa = PBXVariantGroup;
			children = (
				CBEA5E5721435BCC007FAA0C /* Base */,
			);
			name = Main.storyboard;
			sourceTree = "<group>";
		};
		CBEA5E5B21435BCE007FAA0C /* LaunchScreen.storyboard */ = {
			isa = PBXVariantGroup;
			children = (
				CBEA5E5C21435BCE007FAA0C /* Base */,
			);
			name = LaunchScreen.storyboard;
			sourceTree = "<group>";
		};
/* End PBXVariantGroup section */

/* Begin XCBuildConfiguration section */
		CBEA5E7521435BCE007FAA0C /* Debug */ = {
			isa = XCBuildConfiguration;
			buildSettings = {
				ALWAYS_SEARCH_USER_PATHS = NO;
				CLANG_ANALYZER_NONNULL = YES;
				CLANG_ANALYZER_NUMBER_OBJECT_CONVERSION = YES_AGGRESSIVE;
				CLANG_CXX_LANGUAGE_STANDARD = "gnu++14";
				CLANG_CXX_LIBRARY = "libc++";
				CLANG_ENABLE_MODULES = YES;
				CLANG_ENABLE_OBJC_ARC = YES;
				CLANG_ENABLE_OBJC_WEAK = YES;
				CLANG_WARN_BLOCK_CAPTURE_AUTORELEASING = YES;
				CLANG_WARN_BOOL_CONVERSION = YES;
				CLANG_WARN_COMMA = YES;
				CLANG_WARN_CONSTANT_CONVERSION = YES;
				CLANG_WARN_DEPRECATED_OBJC_IMPLEMENTATIONS = YES;
				CLANG_WARN_DIRECT_OBJC_ISA_USAGE = YES_ERROR;
				CLANG_WARN_DOCUMENTATION_COMMENTS = YES;
				CLANG_WARN_EMPTY_BODY = YES;
				CLANG_WARN_ENUM_CONVERSION = YES;
				CLANG_WARN_INFINITE_RECURSION = YES;
				CLANG_WARN_INT_CONVERSION = YES;
				CLANG_WARN_NON_LITERAL_NULL_CONVERSION = YES;
				CLANG_WARN_OBJC_IMPLICIT_RETAIN_SELF = YES;
				CLANG_WARN_OBJC_LITERAL_CONVERSION = YES;
				CLANG_WARN_OBJC_ROOT_CLASS = YES_ERROR;
				CLANG_WARN_RANGE_LOOP_ANALYSIS = YES;
				CLANG_WARN_STRICT_PROTOTYPES = YES;
				CLANG_WARN_SUSPICIOUS_MOVE = YES;
				CLANG_WARN_UNGUARDED_AVAILABILITY = YES_AGGRESSIVE;
				CLANG_WARN_UNREACHABLE_CODE = YES;
				CLANG_WARN__DUPLICATE_METHOD_MATCH = YES;
				CODE_SIGN_IDENTITY = "iPhone Developer";
				COPY_PHASE_STRIP = NO;
				DEBUG_INFORMATION_FORMAT = dwarf;
				ENABLE_STRICT_OBJC_MSGSEND = YES;
				ENABLE_TESTABILITY = YES;
				GCC_C_LANGUAGE_STANDARD = gnu11;
				GCC_DYNAMIC_NO_PIC = NO;
				GCC_NO_COMMON_BLOCKS = YES;
				GCC_OPTIMIZATION_LEVEL = 0;
				GCC_PREPROCESSOR_DEFINITIONS = (
					"DEBUG=1",
					"$(inherited)",
				);
				GCC_WARN_64_TO_32_BIT_CONVERSION = YES;
				GCC_WARN_ABOUT_RETURN_TYPE = YES_ERROR;
				GCC_WARN_UNDECLARED_SELECTOR = YES;
				GCC_WARN_UNINITIALIZED_AUTOS = YES_AGGRESSIVE;
				GCC_WARN_UNUSED_FUNCTION = YES;
				GCC_WARN_UNUSED_VARIABLE = YES;
				IPHONEOS_DEPLOYMENT_TARGET = 11.4;
				MTL_ENABLE_DEBUG_INFO = YES;
				ONLY_ACTIVE_ARCH = YES;
				SDKROOT = iphoneos;
				SWIFT_ACTIVE_COMPILATION_CONDITIONS = DEBUG;
				SWIFT_OPTIMIZATION_LEVEL = "-Onone";
			};
			name = Debug;
		};
		CBEA5E7621435BCE007FAA0C /* Release */ = {
			isa = XCBuildConfiguration;
			buildSettings = {
				ALWAYS_SEARCH_USER_PATHS = NO;
				CLANG_ANALYZER_NONNULL = YES;
				CLANG_ANALYZER_NUMBER_OBJECT_CONVERSION = YES_AGGRESSIVE;
				CLANG_CXX_LANGUAGE_STANDARD = "gnu++14";
				CLANG_CXX_LIBRARY = "libc++";
				CLANG_ENABLE_MODULES = YES;
				CLANG_ENABLE_OBJC_ARC = YES;
				CLANG_ENABLE_OBJC_WEAK = YES;
				CLANG_WARN_BLOCK_CAPTURE_AUTORELEASING = YES;
				CLANG_WARN_BOOL_CONVERSION = YES;
				CLANG_WARN_COMMA = YES;
				CLANG_WARN_CONSTANT_CONVERSION = YES;
				CLANG_WARN_DEPRECATED_OBJC_IMPLEMENTATIONS = YES;
				CLANG_WARN_DIRECT_OBJC_ISA_USAGE = YES_ERROR;
				CLANG_WARN_DOCUMENTATION_COMMENTS = YES;
				CLANG_WARN_EMPTY_BODY = YES;
				CLANG_WARN_ENUM_CONVERSION = YES;
				CLANG_WARN_INFINITE_RECURSION = YES;
				CLANG_WARN_INT_CONVERSION = YES;
				CLANG_WARN_NON_LITERAL_NULL_CONVERSION = YES;
				CLANG_WARN_OBJC_IMPLICIT_RETAIN_SELF = YES;
				CLANG_WARN_OBJC_LITERAL_CONVERSION = YES;
				CLANG_WARN_OBJC_ROOT_CLASS = YES_ERROR;
				CLANG_WARN_RANGE_LOOP_ANALYSIS = YES;
				CLANG_WARN_STRICT_PROTOTYPES = YES;
				CLANG_WARN_SUSPICIOUS_MOVE = YES;
				CLANG_WARN_UNGUARDED_AVAILABILITY = YES_AGGRESSIVE;
				CLANG_WARN_UNREACHABLE_CODE = YES;
				CLANG_WARN__DUPLICATE_METHOD_MATCH = YES;
				CODE_SIGN_IDENTITY = "iPhone Developer";
				COPY_PHASE_STRIP = NO;
				DEBUG_INFORMATION_FORMAT = "dwarf-with-dsym";
				ENABLE_NS_ASSERTIONS = NO;
				ENABLE_STRICT_OBJC_MSGSEND = YES;
				GCC_C_LANGUAGE_STANDARD = gnu11;
				GCC_NO_COMMON_BLOCKS = YES;
				GCC_WARN_64_TO_32_BIT_CONVERSION = YES;
				GCC_WARN_ABOUT_RETURN_TYPE = YES_ERROR;
				GCC_WARN_UNDECLARED_SELECTOR = YES;
				GCC_WARN_UNINITIALIZED_AUTOS = YES_AGGRESSIVE;
				GCC_WARN_UNUSED_FUNCTION = YES;
				GCC_WARN_UNUSED_VARIABLE = YES;
				IPHONEOS_DEPLOYMENT_TARGET = 11.4;
				MTL_ENABLE_DEBUG_INFO = NO;
				SDKROOT = iphoneos;
				SWIFT_COMPILATION_MODE = wholemodule;
				SWIFT_OPTIMIZATION_LEVEL = "-O";
				VALIDATE_PRODUCT = YES;
			};
			name = Release;
		};
		CBEA5E7821435BCE007FAA0C /* Debug */ = {
			isa = XCBuildConfiguration;
			baseConfigurationReference = D165B5293FB5DE762589AA59 /* Pods-PennAppsFall2018iOS.debug.xcconfig */;
			buildSettings = {
				ASSETCATALOG_COMPILER_APPICON_NAME = AppIcon;
				CODE_SIGN_STYLE = Automatic;
				DEVELOPMENT_TEAM = F8D8S8BR4K;
				INFOPLIST_FILE = PennAppsFall2018iOS/Info.plist;
				LD_RUNPATH_SEARCH_PATHS = (
					"$(inherited)",
					"@executable_path/Frameworks",
				);
				PRODUCT_BUNDLE_IDENTIFIER = com.example.PennAppsFall2018iOS;
				PRODUCT_NAME = "$(TARGET_NAME)";
				SWIFT_VERSION = 4.0;
				TARGETED_DEVICE_FAMILY = "1,2";
			};
			name = Debug;
		};
		CBEA5E7921435BCE007FAA0C /* Release */ = {
			isa = XCBuildConfiguration;
			baseConfigurationReference = 9E407C0697E5BA2CDCA0DB96 /* Pods-PennAppsFall2018iOS.release.xcconfig */;
			buildSettings = {
				ASSETCATALOG_COMPILER_APPICON_NAME = AppIcon;
				CODE_SIGN_STYLE = Automatic;
				DEVELOPMENT_TEAM = F8D8S8BR4K;
				INFOPLIST_FILE = PennAppsFall2018iOS/Info.plist;
				LD_RUNPATH_SEARCH_PATHS = (
					"$(inherited)",
					"@executable_path/Frameworks",
				);
				PRODUCT_BUNDLE_IDENTIFIER = com.example.PennAppsFall2018iOS;
				PRODUCT_NAME = "$(TARGET_NAME)";
				SWIFT_VERSION = 4.0;
				TARGETED_DEVICE_FAMILY = "1,2";
			};
			name = Release;
		};
		CBEA5E7B21435BCE007FAA0C /* Debug */ = {
			isa = XCBuildConfiguration;
			baseConfigurationReference = AD55C5D923AF5DB52B11CCFA /* Pods-PennAppsFall2018iOSTests.debug.xcconfig */;
			buildSettings = {
				ALWAYS_EMBED_SWIFT_STANDARD_LIBRARIES = YES;
				BUNDLE_LOADER = "$(TEST_HOST)";
				CODE_SIGN_STYLE = Automatic;
				DEVELOPMENT_TEAM = F8D8S8BR4K;
				INFOPLIST_FILE = PennAppsFall2018iOSTests/Info.plist;
				LD_RUNPATH_SEARCH_PATHS = (
					"$(inherited)",
					"@executable_path/Frameworks",
					"@loader_path/Frameworks",
				);
				PRODUCT_BUNDLE_IDENTIFIER = com.example.PennAppsFall2018iOSTests;
				PRODUCT_NAME = "$(TARGET_NAME)";
				SWIFT_VERSION = 4.0;
				TARGETED_DEVICE_FAMILY = "1,2";
				TEST_HOST = "$(BUILT_PRODUCTS_DIR)/PennAppsFall2018iOS.app/PennAppsFall2018iOS";
			};
			name = Debug;
		};
		CBEA5E7C21435BCE007FAA0C /* Release */ = {
			isa = XCBuildConfiguration;
			baseConfigurationReference = 0CF9F84636229013586906F8 /* Pods-PennAppsFall2018iOSTests.release.xcconfig */;
			buildSettings = {
				ALWAYS_EMBED_SWIFT_STANDARD_LIBRARIES = YES;
				BUNDLE_LOADER = "$(TEST_HOST)";
				CODE_SIGN_STYLE = Automatic;
				DEVELOPMENT_TEAM = F8D8S8BR4K;
				INFOPLIST_FILE = PennAppsFall2018iOSTests/Info.plist;
				LD_RUNPATH_SEARCH_PATHS = (
					"$(inherited)",
					"@executable_path/Frameworks",
					"@loader_path/Frameworks",
				);
				PRODUCT_BUNDLE_IDENTIFIER = com.example.PennAppsFall2018iOSTests;
				PRODUCT_NAME = "$(TARGET_NAME)";
				SWIFT_VERSION = 4.0;
				TARGETED_DEVICE_FAMILY = "1,2";
				TEST_HOST = "$(BUILT_PRODUCTS_DIR)/PennAppsFall2018iOS.app/PennAppsFall2018iOS";
			};
			name = Release;
		};
		CBEA5E7E21435BCE007FAA0C /* Debug */ = {
			isa = XCBuildConfiguration;
			baseConfigurationReference = CA4EECA193C5CC914A9F7681 /* Pods-PennAppsFall2018iOSUITests.debug.xcconfig */;
			buildSettings = {
				ALWAYS_EMBED_SWIFT_STANDARD_LIBRARIES = YES;
				CODE_SIGN_STYLE = Automatic;
				DEVELOPMENT_TEAM = F8D8S8BR4K;
				INFOPLIST_FILE = PennAppsFall2018iOSUITests/Info.plist;
				LD_RUNPATH_SEARCH_PATHS = (
					"$(inherited)",
					"@executable_path/Frameworks",
					"@loader_path/Frameworks",
				);
				PRODUCT_BUNDLE_IDENTIFIER = com.example.PennAppsFall2018iOSUITests;
				PRODUCT_NAME = "$(TARGET_NAME)";
				SWIFT_VERSION = 4.0;
				TARGETED_DEVICE_FAMILY = "1,2";
				TEST_TARGET_NAME = PennAppsFall2018iOS;
			};
			name = Debug;
		};
		CBEA5E7F21435BCE007FAA0C /* Release */ = {
			isa = XCBuildConfiguration;
			baseConfigurationReference = E1D65229B30136792AB01AE4 /* Pods-PennAppsFall2018iOSUITests.release.xcconfig */;
			buildSettings = {
				ALWAYS_EMBED_SWIFT_STANDARD_LIBRARIES = YES;
				CODE_SIGN_STYLE = Automatic;
				DEVELOPMENT_TEAM = F8D8S8BR4K;
				INFOPLIST_FILE = PennAppsFall2018iOSUITests/Info.plist;
				LD_RUNPATH_SEARCH_PATHS = (
					"$(inherited)",
					"@executable_path/Frameworks",
					"@loader_path/Frameworks",
				);
				PRODUCT_BUNDLE_IDENTIFIER = com.example.PennAppsFall2018iOSUITests;
				PRODUCT_NAME = "$(TARGET_NAME)";
				SWIFT_VERSION = 4.0;
				TARGETED_DEVICE_FAMILY = "1,2";
				TEST_TARGET_NAME = PennAppsFall2018iOS;
			};
			name = Release;
		};
/* End XCBuildConfiguration section */

/* Begin XCConfigurationList section */
		CBEA5E4A21435BCC007FAA0C /* Build configuration list for PBXProject "PennAppsFall2018iOS" */ = {
			isa = XCConfigurationList;
			buildConfigurations = (
				CBEA5E7521435BCE007FAA0C /* Debug */,
				CBEA5E7621435BCE007FAA0C /* Release */,
			);
			defaultConfigurationIsVisible = 0;
			defaultConfigurationName = Release;
		};
		CBEA5E7721435BCE007FAA0C /* Build configuration list for PBXNativeTarget "PennAppsFall2018iOS" */ = {
			isa = XCConfigurationList;
			buildConfigurations = (
				CBEA5E7821435BCE007FAA0C /* Debug */,
				CBEA5E7921435BCE007FAA0C /* Release */,
			);
			defaultConfigurationIsVisible = 0;
			defaultConfigurationName = Release;
		};
		CBEA5E7A21435BCE007FAA0C /* Build configuration list for PBXNativeTarget "PennAppsFall2018iOSTests" */ = {
			isa = XCConfigurationList;
			buildConfigurations = (
				CBEA5E7B21435BCE007FAA0C /* Debug */,
				CBEA5E7C21435BCE007FAA0C /* Release */,
			);
			defaultConfigurationIsVisible = 0;
			defaultConfigurationName = Release;
		};
		CBEA5E7D21435BCE007FAA0C /* Build configuration list for PBXNativeTarget "PennAppsFall2018iOSUITests" */ = {
			isa = XCConfigurationList;
			buildConfigurations = (
				CBEA5E7E21435BCE007FAA0C /* Debug */,
				CBEA5E7F21435BCE007FAA0C /* Release */,
			);
			defaultConfigurationIsVisible = 0;
			defaultConfigurationName = Release;
		};
/* End XCConfigurationList section */
	};
	rootObject = CBEA5E4721435BCC007FAA0C /* Project object */;
}
